# This file is automatically @generated by Poetry 1.8.3 and should not be changed by hand.

[[package]]
name = "attrs"
version = "23.2.0"
description = "Classes Without Boilerplate"
optional = false
python-versions = ">=3.7"
files = [
    {file = "attrs-23.2.0-py3-none-any.whl", hash = "sha256:99b87a485a5820b23b879f04c2305b44b951b502fd64be915879d77a7e8fc6f1"},
    {file = "attrs-23.2.0.tar.gz", hash = "sha256:935dc3b529c262f6cf76e50877d35a4bd3c1de194fd41f47a2b7ae8f19971f30"},
]

[package.extras]
cov = ["attrs[tests]", "coverage[toml] (>=5.3)"]
dev = ["attrs[tests]", "pre-commit"]
docs = ["furo", "myst-parser", "sphinx", "sphinx-notfound-page", "sphinxcontrib-towncrier", "towncrier", "zope-interface"]
tests = ["attrs[tests-no-zope]", "zope-interface"]
tests-mypy = ["mypy (>=1.6)", "pytest-mypy-plugins"]
tests-no-zope = ["attrs[tests-mypy]", "cloudpickle", "hypothesis", "pympler", "pytest (>=4.3.0)", "pytest-xdist[psutil]"]

[[package]]
name = "aws-cdk-asset-awscli-v1"
version = "2.2.202"
description = "A library that contains the AWS CLI for use in Lambda Layers"
optional = false
python-versions = "~=3.8"
files = [
    {file = "aws-cdk.asset-awscli-v1-2.2.202.tar.gz", hash = "sha256:3ef87d6530736b3a7b0f777fe3b4297994dd40c3ce9306d95f80f48fb18036e8"},
    {file = "aws_cdk.asset_awscli_v1-2.2.202-py3-none-any.whl", hash = "sha256:96205ea2e5e132ec52fabfff37ea25b9b859498f167d05b32564c949822cd331"},
]

[package.dependencies]
jsii = ">=1.93.0,<2.0.0"
publication = ">=0.0.3"
typeguard = ">=2.13.3,<2.14.0"

[[package]]
name = "aws-cdk-asset-kubectl-v20"
version = "2.1.2"
description = "A library that contains kubectl for use in Lambda Layers"
optional = false
python-versions = "~=3.7"
files = [
    {file = "aws-cdk.asset-kubectl-v20-2.1.2.tar.gz", hash = "sha256:346283e43018a43e3b3ca571de3f44e85d49c038dc20851894cb8f9b2052b164"},
    {file = "aws_cdk.asset_kubectl_v20-2.1.2-py3-none-any.whl", hash = "sha256:7f0617ab6cb942b066bd7174bf3e1f377e57878c3e1cddc21d6b2d13c92d0cc1"},
]

[package.dependencies]
jsii = ">=1.70.0,<2.0.0"
publication = ">=0.0.3"
typeguard = ">=2.13.3,<2.14.0"

[[package]]
name = "aws-cdk-asset-node-proxy-agent-v6"
version = "2.0.3"
description = "@aws-cdk/asset-node-proxy-agent-v6"
optional = false
python-versions = "~=3.8"
files = [
    {file = "aws-cdk.asset-node-proxy-agent-v6-2.0.3.tar.gz", hash = "sha256:b62cb10c69a42cab135e6bc670e3d2d3121fd4f53a0f61e53449da4b12738a6f"},
    {file = "aws_cdk.asset_node_proxy_agent_v6-2.0.3-py3-none-any.whl", hash = "sha256:ef2ff0634ab037e2ebddbe69d7c92515a847c6c8bb2abdfc85b089f5e87761cb"},
]

[package.dependencies]
jsii = ">=1.96.0,<2.0.0"
publication = ">=0.0.3"
typeguard = ">=2.13.3,<2.14.0"

[[package]]
name = "aws-cdk-integ-tests-alpha"
version = "2.150.0a0"
description = "CDK Integration Testing Constructs"
optional = false
python-versions = "~=3.8"
files = [
    {file = "aws-cdk.integ-tests-alpha-2.150.0a0.tar.gz", hash = "sha256:9fd874a6caa4886e69f86995d4dbe8b4f6cae0776b9fdb1b420c51f8ffe35ff6"},
    {file = "aws_cdk.integ_tests_alpha-2.150.0a0-py3-none-any.whl", hash = "sha256:2ac6b89e72998081bf670d85d8e7f9a764812dd2e3956cd78e751d7fb750a262"},
]

[package.dependencies]
aws-cdk-lib = ">=2.150.0,<3.0.0"
constructs = ">=10.0.0,<11.0.0"
jsii = ">=1.101.0,<2.0.0"
publication = ">=0.0.3"
typeguard = ">=2.13.3,<2.14.0"

[[package]]
name = "aws-cdk-lib"
version = "2.150.0"
description = "Version 2 of the AWS Cloud Development Kit library"
optional = false
python-versions = "~=3.8"
files = [
    {file = "aws-cdk-lib-2.150.0.tar.gz", hash = "sha256:dbf8043a84c07297bd6d7158a597ed2b4be76605e7734c7c5b8e38697bdfa138"},
    {file = "aws_cdk_lib-2.150.0-py3-none-any.whl", hash = "sha256:300641052119988a4bdab9649c58199f45acb0ec9dfba65691075c3bc5dcad07"},
]

[package.dependencies]
"aws-cdk.asset-awscli-v1" = ">=2.2.202,<3.0.0"
"aws-cdk.asset-kubectl-v20" = ">=2.1.2,<3.0.0"
"aws-cdk.asset-node-proxy-agent-v6" = ">=2.0.3,<3.0.0"
constructs = ">=10.0.0,<11.0.0"
jsii = ">=1.101.0,<2.0.0"
publication = ">=0.0.3"
typeguard = ">=2.13.3,<2.14.0"

[[package]]
name = "aws-solutions-constructs-aws-apigateway-lambda"
version = "2.65.0"
description = "CDK constructs for defining an interaction between an API Gateway and a Lambda function."
optional = false
python-versions = "~=3.8"
files = [
    {file = "aws_solutions_constructs.aws_apigateway_lambda-2.65.0-py3-none-any.whl", hash = "sha256:fe24c0b1dd4ce674acae351dfee8d1b80acea269d1c7a66b05faec6eaa4d7635"},
    {file = "aws_solutions_constructs_aws_apigateway_lambda-2.65.0.tar.gz", hash = "sha256:3ad8d0c896c720bcc9a01fb57aeee082541227265e5168e08a3467af3393b477"},
]

[package.dependencies]
"aws-cdk.integ-tests-alpha" = "2.150.0.a0"
aws-cdk-lib = "2.150.0"
"aws-solutions-constructs.core" = "2.65.0"
constructs = ">=10.0.0,<11.0.0"
jsii = ">=1.102.0,<2.0.0"
publication = ">=0.0.3"
typeguard = ">=2.13.3,<2.14.0"

[[package]]
name = "aws-solutions-constructs-core"
version = "2.65.0"
description = "Core CDK Construct for patterns library"
optional = false
python-versions = "~=3.8"
files = [
    {file = "aws_solutions_constructs.core-2.65.0-py3-none-any.whl", hash = "sha256:4d5fdab2edbb4583f13c392ad14d3183e3a06f9e8046a94d47c20eb144280ab6"},
    {file = "aws_solutions_constructs_core-2.65.0.tar.gz", hash = "sha256:d1347a23cb27b3c75c8a3f73e51e449f385f4f9517fd6a5f5cb6b55ede51f99e"},
]

[package.dependencies]
"aws-cdk.integ-tests-alpha" = "2.150.0.a0"
aws-cdk-lib = "2.150.0"
constructs = ">=10.0.0,<11.0.0"
jsii = ">=1.102.0,<2.0.0"
publication = ">=0.0.3"
typeguard = ">=2.13.3,<2.14.0"

[[package]]
name = "boto3"
version = "1.35.5"
description = "The AWS SDK for Python"
optional = false
python-versions = ">=3.8"
files = [
    {file = "boto3-1.35.5-py3-none-any.whl", hash = "sha256:2cef3aa476181395c260f4b6e6c5565e5a3022a874fb6b579d8e6b169f94e0b3"},
    {file = "boto3-1.35.5.tar.gz", hash = "sha256:5724ddeda8e18c7614c20a09c20159ed87ff7439755cf5e250a1a3feaf9afb7e"},
]

[package.dependencies]
botocore = ">=1.35.5,<1.36.0"
jmespath = ">=0.7.1,<2.0.0"
s3transfer = ">=0.10.0,<0.11.0"

[package.extras]
crt = ["botocore[crt] (>=1.21.0,<2.0a0)"]

[[package]]
name = "botocore"
version = "1.35.5"
description = "Low-level, data-driven core of boto 3."
optional = false
python-versions = ">=3.8"
files = [
    {file = "botocore-1.35.5-py3-none-any.whl", hash = "sha256:8116b72c7ae845c195146e437e2afd9d17538a37b3f3548dcf67c12c86ba0742"},
    {file = "botocore-1.35.5.tar.gz", hash = "sha256:3a0086c7124cb3b0d9f98563d00ffd14a942c3f9e731d8d1ccf0d3a1ac7ed884"},
]

[package.dependencies]
jmespath = ">=0.7.1,<2.0.0"
python-dateutil = ">=2.1,<3.0.0"
urllib3 = [
    {version = ">=1.25.4,<1.27", markers = "python_version < \"3.10\""},
    {version = ">=1.25.4,<2.2.0 || >2.2.0,<3", markers = "python_version >= \"3.10\""},
]

[package.extras]
crt = ["awscrt (==0.21.2)"]

[[package]]
name = "cattrs"
version = "23.2.3"
description = "Composable complex class support for attrs and dataclasses."
optional = false
python-versions = ">=3.8"
files = [
    {file = "cattrs-23.2.3-py3-none-any.whl", hash = "sha256:0341994d94971052e9ee70662542699a3162ea1e0c62f7ce1b4a57f563685108"},
    {file = "cattrs-23.2.3.tar.gz", hash = "sha256:a934090d95abaa9e911dac357e3a8699e0b4b14f8529bcc7d2b1ad9d51672b9f"},
]

[package.dependencies]
attrs = ">=23.1.0"
exceptiongroup = {version = ">=1.1.1", markers = "python_version < \"3.11\""}
typing-extensions = {version = ">=4.1.0,<4.6.3 || >4.6.3", markers = "python_version < \"3.11\""}

[package.extras]
bson = ["pymongo (>=4.4.0)"]
cbor2 = ["cbor2 (>=5.4.6)"]
msgpack = ["msgpack (>=1.0.5)"]
orjson = ["orjson (>=3.9.2)"]
pyyaml = ["pyyaml (>=6.0)"]
tomlkit = ["tomlkit (>=0.11.8)"]
ujson = ["ujson (>=5.7.0)"]

[[package]]
name = "colorama"
version = "0.4.6"
description = "Cross-platform colored terminal text."
optional = false
python-versions = "!=3.0.*,!=3.1.*,!=3.2.*,!=3.3.*,!=3.4.*,!=3.5.*,!=3.6.*,>=2.7"
files = [
    {file = "colorama-0.4.6-py2.py3-none-any.whl", hash = "sha256:4f1d9991f5acc0ca119f9d443620b77f9d6b33703e51011c16baf57afb285fc6"},
    {file = "colorama-0.4.6.tar.gz", hash = "sha256:08695f5cb7ed6e0531a20572697297273c47b8cae5a63ffc6d6ed5c201be6e44"},
]

[[package]]
name = "constructs"
version = "10.3.0"
description = "A programming model for software-defined state"
optional = false
python-versions = "~=3.7"
files = [
    {file = "constructs-10.3.0-py3-none-any.whl", hash = "sha256:2972f514837565ff5b09171cfba50c0159dfa75ee86a42921ea8c86f2941b3d2"},
    {file = "constructs-10.3.0.tar.gz", hash = "sha256:518551135ec236f9cc6b86500f4fbbe83b803ccdc6c2cb7684e0b7c4d234e7b1"},
]

[package.dependencies]
jsii = ">=1.90.0,<2.0.0"
publication = ">=0.0.3"
typeguard = ">=2.13.3,<2.14.0"

[[package]]
name = "exceptiongroup"
version = "1.2.2"
description = "Backport of PEP 654 (exception groups)"
optional = false
python-versions = ">=3.7"
files = [
    {file = "exceptiongroup-1.2.2-py3-none-any.whl", hash = "sha256:3111b9d131c238bec2f8f516e123e14ba243563fb135d3fe885990585aa7795b"},
    {file = "exceptiongroup-1.2.2.tar.gz", hash = "sha256:47c2edf7c6738fafb49fd34290706d1a1a2f4d1c6df275526b62cbb4aa5393cc"},
]

[package.extras]
test = ["pytest (>=6)"]

[[package]]
name = "importlib-resources"
version = "6.4.0"
description = "Read resources from Python packages"
optional = false
python-versions = ">=3.8"
files = [
    {file = "importlib_resources-6.4.0-py3-none-any.whl", hash = "sha256:50d10f043df931902d4194ea07ec57960f66a80449ff867bfe782b4c486ba78c"},
    {file = "importlib_resources-6.4.0.tar.gz", hash = "sha256:cdb2b453b8046ca4e3798eb1d84f3cce1446a0e8e7b5ef4efb600f19fc398145"},
]

[package.dependencies]
zipp = {version = ">=3.1.0", markers = "python_version < \"3.10\""}

[package.extras]
docs = ["furo", "jaraco.packaging (>=9.3)", "jaraco.tidelift (>=1.4)", "rst.linker (>=1.9)", "sphinx (<7.2.5)", "sphinx (>=3.5)", "sphinx-lint"]
testing = ["jaraco.test (>=5.4)", "pytest (>=6)", "pytest-checkdocs (>=2.4)", "pytest-cov", "pytest-enabler (>=2.2)", "pytest-mypy", "pytest-ruff (>=0.2.1)", "zipp (>=3.17)"]

[[package]]
name = "iniconfig"
version = "2.0.0"
description = "brain-dead simple config-ini parsing"
optional = false
python-versions = ">=3.7"
files = [
    {file = "iniconfig-2.0.0-py3-none-any.whl", hash = "sha256:b6a85871a79d2e3b22d2d1b94ac2824226a63c6b741c88f7ae975f18b6778374"},
    {file = "iniconfig-2.0.0.tar.gz", hash = "sha256:2d91e135bf72d31a410b17c16da610a82cb55f6b0477d1a902134b24a455b8b3"},
]

[[package]]
name = "jmespath"
version = "1.0.1"
description = "JSON Matching Expressions"
optional = false
python-versions = ">=3.7"
files = [
    {file = "jmespath-1.0.1-py3-none-any.whl", hash = "sha256:02e2e4cc71b5bcab88332eebf907519190dd9e6e82107fa7f83b1003a6252980"},
    {file = "jmespath-1.0.1.tar.gz", hash = "sha256:90261b206d6defd58fdd5e85f478bf633a2901798906be2ad389150c5c60edbe"},
]

[[package]]
name = "jsii"
version = "1.102.0"
description = "Python client for jsii runtime"
optional = false
python-versions = "~=3.8"
files = [
    {file = "jsii-1.102.0-py3-none-any.whl", hash = "sha256:9e0f54acd55d8ea7a0bfd7e4a3dccacf6ca3466a8d67d47703594cffedad382a"},
    {file = "jsii-1.102.0.tar.gz", hash = "sha256:ee044964a0db600d9dcde85b4763beb996b3f56a4c951911eb3ff073deeb8603"},
]

[package.dependencies]
attrs = ">=21.2,<24.0"
cattrs = ">=1.8,<23.3"
importlib-resources = ">=5.2.0"
publication = ">=0.0.3"
python-dateutil = "*"
typeguard = ">=2.13.3,<2.14.0"
typing-extensions = ">=3.8,<5.0"

[[package]]
name = "packaging"
version = "24.1"
description = "Core utilities for Python packages"
optional = false
python-versions = ">=3.8"
files = [
    {file = "packaging-24.1-py3-none-any.whl", hash = "sha256:5b8f2217dbdbd2f7f384c41c628544e6d52f2d0f53c6d0c3ea61aa5d1d7ff124"},
    {file = "packaging-24.1.tar.gz", hash = "sha256:026ed72c8ed3fcce5bf8950572258698927fd1dbda10a5e981cdf0ac37f4f002"},
]

[[package]]
name = "pluggy"
version = "1.5.0"
description = "plugin and hook calling mechanisms for python"
optional = false
python-versions = ">=3.8"
files = [
    {file = "pluggy-1.5.0-py3-none-any.whl", hash = "sha256:44e1ad92c8ca002de6377e165f3e0f1be63266ab4d554740532335b9d75ea669"},
    {file = "pluggy-1.5.0.tar.gz", hash = "sha256:2cffa88e94fdc978c4c574f15f9e59b7f4201d439195c3715ca9e2486f1d0cf1"},
]

[package.extras]
dev = ["pre-commit", "tox"]
testing = ["pytest", "pytest-benchmark"]

[[package]]
name = "projen"
version = "0.85.0"
description = "CDK for software projects"
optional = false
python-versions = "~=3.8"
files = [
    {file = "projen-0.85.0-py3-none-any.whl", hash = "sha256:72c5b7c9148afd84f582f7661640803318175048b28e738120567db910755d42"},
    {file = "projen-0.85.0.tar.gz", hash = "sha256:21f81c4777bdd1a6ac981a1ee5ad36cfa8ee1d86104202c564b5c052e43defdc"},
]

[package.dependencies]
constructs = ">=10.0.0,<11.0.0"
jsii = ">=1.102.0,<2.0.0"
publication = ">=0.0.3"
typeguard = ">=2.13.3,<2.14.0"

[[package]]
name = "publication"
version = "0.0.3"
description = "Publication helps you maintain public-api-friendly modules by preventing unintentional access to private implementation details via introspection."
optional = false
python-versions = "*"
files = [
    {file = "publication-0.0.3-py2.py3-none-any.whl", hash = "sha256:0248885351febc11d8a1098d5c8e3ab2dabcf3e8c0c96db1e17ecd12b53afbe6"},
    {file = "publication-0.0.3.tar.gz", hash = "sha256:68416a0de76dddcdd2930d1c8ef853a743cc96c82416c4e4d3b5d901c6276dc4"},
]

[[package]]
name = "pytest"
version = "7.4.3"
description = "pytest: simple powerful testing with Python"
optional = false
python-versions = ">=3.7"
files = [
    {file = "pytest-7.4.3-py3-none-any.whl", hash = "sha256:0d009c083ea859a71b76adf7c1d502e4bc170b80a8ef002da5806527b9591fac"},
    {file = "pytest-7.4.3.tar.gz", hash = "sha256:d989d136982de4e3b29dabcc838ad581c64e8ed52c11fbe86ddebd9da0818cd5"},
]

[package.dependencies]
colorama = {version = "*", markers = "sys_platform == \"win32\""}
exceptiongroup = {version = ">=1.0.0rc8", markers = "python_version < \"3.11\""}
iniconfig = "*"
packaging = "*"
pluggy = ">=0.12,<2.0"
tomli = {version = ">=1.0.0", markers = "python_version < \"3.11\""}

[package.extras]
testing = ["argcomplete", "attrs (>=19.2.0)", "hypothesis (>=3.56)", "mock", "nose", "pygments (>=2.7.2)", "requests", "setuptools", "xmlschema"]

[[package]]
name = "python-dateutil"
version = "2.9.0.post0"
description = "Extensions to the standard Python datetime module"
optional = false
python-versions = "!=3.0.*,!=3.1.*,!=3.2.*,>=2.7"
files = [
    {file = "python-dateutil-2.9.0.post0.tar.gz", hash = "sha256:37dd54208da7e1cd875388217d5e00ebd4179249f90fb72437e91a35459a0ad3"},
    {file = "python_dateutil-2.9.0.post0-py2.py3-none-any.whl", hash = "sha256:a8b2bc7bffae282281c8140a97d3aa9c14da0b136dfe83f850eea9a5f7470427"},
]

[package.dependencies]
six = ">=1.5"

[[package]]
name = "ruff"
version = "0.5.1"
description = "An extremely fast Python linter and code formatter, written in Rust."
optional = false
python-versions = ">=3.7"
files = [
    {file = "ruff-0.5.1-py3-none-linux_armv6l.whl", hash = "sha256:6ecf968fcf94d942d42b700af18ede94b07521bd188aaf2cd7bc898dd8cb63b6"},
    {file = "ruff-0.5.1-py3-none-macosx_10_12_x86_64.whl", hash = "sha256:204fb0a472f00f2e6280a7c8c7c066e11e20e23a37557d63045bf27a616ba61c"},
    {file = "ruff-0.5.1-py3-none-macosx_11_0_arm64.whl", hash = "sha256:d235968460e8758d1e1297e1de59a38d94102f60cafb4d5382033c324404ee9d"},
    {file = "ruff-0.5.1-py3-none-manylinux_2_17_aarch64.manylinux2014_aarch64.whl", hash = "sha256:38beace10b8d5f9b6bdc91619310af6d63dd2019f3fb2d17a2da26360d7962fa"},
    {file = "ruff-0.5.1-py3-none-manylinux_2_17_armv7l.manylinux2014_armv7l.whl", hash = "sha256:5e478d2f09cf06add143cf8c4540ef77b6599191e0c50ed976582f06e588c994"},
    {file = "ruff-0.5.1-py3-none-manylinux_2_17_i686.manylinux2014_i686.whl", hash = "sha256:f0368d765eec8247b8550251c49ebb20554cc4e812f383ff9f5bf0d5d94190b0"},
    {file = "ruff-0.5.1-py3-none-manylinux_2_17_ppc64.manylinux2014_ppc64.whl", hash = "sha256:3a9a9a1b582e37669b0138b7c1d9d60b9edac880b80eb2baba6d0e566bdeca4d"},
    {file = "ruff-0.5.1-py3-none-manylinux_2_17_ppc64le.manylinux2014_ppc64le.whl", hash = "sha256:bdd9f723e16003623423affabcc0a807a66552ee6a29f90eddad87a40c750b78"},
    {file = "ruff-0.5.1-py3-none-manylinux_2_17_s390x.manylinux2014_s390x.whl", hash = "sha256:be9fd62c1e99539da05fcdc1e90d20f74aec1b7a1613463ed77870057cd6bd96"},
    {file = "ruff-0.5.1-py3-none-manylinux_2_17_x86_64.manylinux2014_x86_64.whl", hash = "sha256:e216fc75a80ea1fbd96af94a6233d90190d5b65cc3d5dfacf2bd48c3e067d3e1"},
    {file = "ruff-0.5.1-py3-none-musllinux_1_2_aarch64.whl", hash = "sha256:c4c2112e9883a40967827d5c24803525145e7dab315497fae149764979ac7929"},
    {file = "ruff-0.5.1-py3-none-musllinux_1_2_armv7l.whl", hash = "sha256:dfaf11c8a116394da3b65cd4b36de30d8552fa45b8119b9ef5ca6638ab964fa3"},
    {file = "ruff-0.5.1-py3-none-musllinux_1_2_i686.whl", hash = "sha256:d7ceb9b2fe700ee09a0c6b192c5ef03c56eb82a0514218d8ff700f6ade004108"},
    {file = "ruff-0.5.1-py3-none-musllinux_1_2_x86_64.whl", hash = "sha256:bac6288e82f6296f82ed5285f597713acb2a6ae26618ffc6b429c597b392535c"},
    {file = "ruff-0.5.1-py3-none-win32.whl", hash = "sha256:5c441d9c24ec09e1cb190a04535c5379b36b73c4bc20aa180c54812c27d1cca4"},
    {file = "ruff-0.5.1-py3-none-win_amd64.whl", hash = "sha256:b1789bf2cd3d1b5a7d38397cac1398ddf3ad7f73f4de01b1e913e2abc7dfc51d"},
    {file = "ruff-0.5.1-py3-none-win_arm64.whl", hash = "sha256:2875b7596a740cbbd492f32d24be73e545a4ce0a3daf51e4f4e609962bfd3cd2"},
    {file = "ruff-0.5.1.tar.gz", hash = "sha256:3164488aebd89b1745b47fd00604fb4358d774465f20d1fcd907f9c0fc1b0655"},
]

[[package]]
name = "s3transfer"
version = "0.10.2"
description = "An Amazon S3 Transfer Manager"
optional = false
python-versions = ">=3.8"
files = [
    {file = "s3transfer-0.10.2-py3-none-any.whl", hash = "sha256:eca1c20de70a39daee580aef4986996620f365c4e0fda6a86100231d62f1bf69"},
    {file = "s3transfer-0.10.2.tar.gz", hash = "sha256:0711534e9356d3cc692fdde846b4a1e4b0cb6519971860796e6bc4c7aea00ef6"},
]

[package.dependencies]
botocore = ">=1.33.2,<2.0a.0"

[package.extras]
crt = ["botocore[crt] (>=1.33.2,<2.0a.0)"]

[[package]]
name = "six"
version = "1.16.0"
description = "Python 2 and 3 compatibility utilities"
optional = false
python-versions = ">=2.7, !=3.0.*, !=3.1.*, !=3.2.*"
files = [
    {file = "six-1.16.0-py2.py3-none-any.whl", hash = "sha256:8abb2f1d86890a2dfb989f9a77cfcfd3e47c2a354b01111771326f8aa26e0254"},
    {file = "six-1.16.0.tar.gz", hash = "sha256:1e61c37477a1626458e36f7b1d82aa5c9b094fa4802892072e49de9c60c4c926"},
]

[[package]]
name = "tomli"
version = "2.0.1"
description = "A lil' TOML parser"
optional = false
python-versions = ">=3.7"
files = [
    {file = "tomli-2.0.1-py3-none-any.whl", hash = "sha256:939de3e7a6161af0c887ef91b7d41a53e7c5a1ca976325f429cb46ea9bc30ecc"},
    {file = "tomli-2.0.1.tar.gz", hash = "sha256:de526c12914f0c550d15924c62d72abc48d6fe7364aa87328337a31007fe8a4f"},
]

[[package]]
name = "typeguard"
version = "2.13.3"
description = "Run-time type checker for Python"
optional = false
python-versions = ">=3.5.3"
files = [
    {file = "typeguard-2.13.3-py3-none-any.whl", hash = "sha256:5e3e3be01e887e7eafae5af63d1f36c849aaa94e3a0112097312aabfa16284f1"},
    {file = "typeguard-2.13.3.tar.gz", hash = "sha256:00edaa8da3a133674796cf5ea87d9f4b4c367d77476e185e80251cc13dfbb8c4"},
]

[package.extras]
doc = ["sphinx-autodoc-typehints (>=1.2.0)", "sphinx-rtd-theme"]
test = ["mypy", "pytest", "typing-extensions"]

[[package]]
name = "typing-extensions"
version = "4.12.2"
description = "Backported and Experimental Type Hints for Python 3.8+"
optional = false
python-versions = ">=3.8"
files = [
    {file = "typing_extensions-4.12.2-py3-none-any.whl", hash = "sha256:04e5ca0351e0f3f85c6853954072df659d0d13fac324d0072316b67d7794700d"},
    {file = "typing_extensions-4.12.2.tar.gz", hash = "sha256:1a7ead55c7e559dd4dee8856e3a88b41225abfe1ce8df57b7c13915fe121ffb8"},
]

[[package]]
name = "urllib3"
version = "1.26.19"
description = "HTTP library with thread-safe connection pooling, file post, and more."
optional = false
python-versions = "!=3.0.*,!=3.1.*,!=3.2.*,!=3.3.*,!=3.4.*,!=3.5.*,>=2.7"
files = [
    {file = "urllib3-1.26.19-py2.py3-none-any.whl", hash = "sha256:37a0344459b199fce0e80b0d3569837ec6b6937435c5244e7fd73fa6006830f3"},
    {file = "urllib3-1.26.19.tar.gz", hash = "sha256:3e3d753a8618b86d7de333b4223005f68720bcd6a7d2bcb9fbd2229ec7c1e429"},
]

[package.extras]
brotli = ["brotli (==1.0.9)", "brotli (>=1.0.9)", "brotlicffi (>=0.8.0)", "brotlipy (>=0.6.0)"]
secure = ["certifi", "cryptography (>=1.3.4)", "idna (>=2.0.0)", "ipaddress", "pyOpenSSL (>=0.14)", "urllib3-secure-extra"]
socks = ["PySocks (>=1.5.6,!=1.5.7,<2.0)"]

[[package]]
name = "urllib3"
version = "2.2.2"
description = "HTTP library with thread-safe connection pooling, file post, and more."
optional = false
python-versions = ">=3.8"
files = [
    {file = "urllib3-2.2.2-py3-none-any.whl", hash = "sha256:a448b2f64d686155468037e1ace9f2d2199776e17f0a46610480d311f73e3472"},
    {file = "urllib3-2.2.2.tar.gz", hash = "sha256:dd505485549a7a552833da5e6063639d0d177c04f23bc3864e41e5dc5f612168"},
]

[package.extras]
brotli = ["brotli (>=1.0.9)", "brotlicffi (>=0.8.0)"]
h2 = ["h2 (>=4,<5)"]
socks = ["pysocks (>=1.5.6,!=1.5.7,<2.0)"]
zstd = ["zstandard (>=0.18.0)"]

[[package]]
name = "zipp"
version = "3.19.2"
description = "Backport of pathlib-compatible object wrapper for zip files"
optional = false
python-versions = ">=3.8"
files = [
    {file = "zipp-3.19.2-py3-none-any.whl", hash = "sha256:f091755f667055f2d02b32c53771a7a6c8b47e1fdbc4b72a8b9072b3eef8015c"},
    {file = "zipp-3.19.2.tar.gz", hash = "sha256:bf1dcf6450f873a13e952a29504887c89e6de7506209e5b1bcc3460135d4de19"},
]

[package.extras]
doc = ["furo", "jaraco.packaging (>=9.3)", "jaraco.tidelift (>=1.4)", "rst.linker (>=1.9)", "sphinx (>=3.5)", "sphinx-lint"]
test = ["big-O", "importlib-resources", "jaraco.functools", "jaraco.itertools", "jaraco.test", "more-itertools", "pytest (>=6,!=8.1.*)", "pytest-checkdocs (>=2.4)", "pytest-cov", "pytest-enabler (>=2.2)", "pytest-ignore-flaky", "pytest-mypy", "pytest-ruff (>=0.2.1)"]

[metadata]
lock-version = "2.0"
python-versions = "^3.8"
content-hash = "2002eb5071b20dd41d48a8f76f111a473db64687935972531f7cbf8a40603a70"
